
Microsoft Visual Studio Solution File, Format Version 12.00
# Visual Studio Version 17
VisualStudioVersion = 17.0.31903.59
MinimumVisualStudioVersion = 10.0.40219.1
Project("{2150E333-8FDC-42A3-9474-1A3956D46DE8}") = "src", "src", "{A947BEFD-2391-4F78-AD89-5E7E5947095F}"
EndProject
Project("{FAE04EC0-301F-11D3-BF4B-00C04F79EFBC}") = "Emerald.App", "src\Emerald.App\Emerald.App.csproj", "{7FA65D5A-3221-4070-B216-1078DE04E78F}"
EndProject
Project("{FAE04EC0-301F-11D3-BF4B-00C04F79EFBC}") = "Emerald.Core", "src\Emerald.Core\Emerald.Core.csproj", "{BAF3B9AE-EA64-4FCD-AD5D-9F8BFE228516}"
EndProject
Project("{FAE04EC0-301F-11D3-BF4B-00C04F79EFBC}") = "Emerald.Deltacast", "src\Emerald.Deltacast\Emerald.Deltacast.csproj", "{CEF168DA-A3C1-4F35-97A6-3D8FE2924F2E}"
EndProject
Project("{FAE04EC0-301F-11D3-BF4B-00C04F79EFBC}") = "Emerald.EDL", "src\Emerald.EDL\Emerald.EDL.csproj", "{2B56456F-6355-4F4E-9952-F3D84C035878}"
EndProject
Project("{FAE04EC0-301F-11D3-BF4B-00C04F79EFBC}") = "Emerald.LiveEdit", "src\Emerald.LiveEdit\Emerald.LiveEdit.csproj", "{8233EA39-6B3E-41D6-8634-02F0989E7E96}"
EndProject
Project("{FAE04EC0-301F-11D3-BF4B-00C04F79EFBC}") = "Emerald.Media", "src\Emerald.Media\Emerald.Media.csproj", "{B768E223-565A-4293-8EA7-20E4CDE8CC20}"
EndProject
Project("{FAE04EC0-301F-11D3-BF4B-00C04F79EFBC}") = "Emerald.Video", "src\Emerald.Video\Emerald.Video.csproj", "{604677D4-C85D-4B12-916D-932C6F899064}"
EndProject
Project("{2150E333-8FDC-42A3-9474-1A3956D46DE8}") = "tests", "tests", "{9C4985FC-578E-4289-BE4A-33319B8C69CA}"
EndProject
Project("{FAE04EC0-301F-11D3-BF4B-00C04F79EFBC}") = "Emerald.Core.Tests", "tests\Emerald.Core.Tests\Emerald.Core.Tests.csproj", "{6B3B51F8-A54E-49CE-A472-83B7DA4B6050}"
EndProject
Project("{FAE04EC0-301F-11D3-BF4B-00C04F79EFBC}") = "Emerald.Ingest", "src\Emerald.Ingest\Emerald.Ingest.csproj", "{843DA3B2-CD35-476E-AF8C-7D821ACBF6C5}"
EndProject
Project("{FAE04EC0-301F-11D3-BF4B-00C04F79EFBC}") = "Emerald.Ingest.Tests", "tests\Emerald.Ingest.Tests\Emerald.Ingest.Tests.csproj", "{F0F4068C-3626-403B-BADF-B2611E577DC1}"
EndProject
Global
	GlobalSection(SolutionConfigurationPlatforms) = preSolution
		Debug|Any CPU = Debug|Any CPU
		Release|Any CPU = Release|Any CPU
	EndGlobalSection
	GlobalSection(SolutionProperties) = preSolution
		HideSolutionNode = FALSE
	EndGlobalSection
	GlobalSection(ProjectConfigurationPlatforms) = postSolution
		{7FA65D5A-3221-4070-B216-1078DE04E78F}.Debug|Any CPU.ActiveCfg = Debug|x64
		{7FA65D5A-3221-4070-B216-1078DE04E78F}.Debug|Any CPU.Build.0 = Debug|x64
		{7FA65D5A-3221-4070-B216-1078DE04E78F}.Release|Any CPU.ActiveCfg = Release|x64
		{7FA65D5A-3221-4070-B216-1078DE04E78F}.Release|Any CPU.Build.0 = Release|x64
		{BAF3B9AE-EA64-4FCD-AD5D-9F8BFE228516}.Debug|Any CPU.ActiveCfg = Debug|x64
		{BAF3B9AE-EA64-4FCD-AD5D-9F8BFE228516}.Debug|Any CPU.Build.0 = Debug|x64
		{BAF3B9AE-EA64-4FCD-AD5D-9F8BFE228516}.Release|Any CPU.ActiveCfg = Release|x64
		{BAF3B9AE-EA64-4FCD-AD5D-9F8BFE228516}.Release|Any CPU.Build.0 = Release|x64
		{CEF168DA-A3C1-4F35-97A6-3D8FE2924F2E}.Debug|Any CPU.ActiveCfg = Debug|x64
		{CEF168DA-A3C1-4F35-97A6-3D8FE2924F2E}.Debug|Any CPU.Build.0 = Debug|x64
		{CEF168DA-A3C1-4F35-97A6-3D8FE2924F2E}.Release|Any CPU.ActiveCfg = Release|x64
		{CEF168DA-A3C1-4F35-97A6-3D8FE2924F2E}.Release|Any CPU.Build.0 = Release|x64
		{2B56456F-6355-4F4E-9952-F3D84C035878}.Debug|Any CPU.ActiveCfg = Debug|x64
		{2B56456F-6355-4F4E-9952-F3D84C035878}.Debug|Any CPU.Build.0 = Debug|x64
		{2B56456F-6355-4F4E-9952-F3D84C035878}.Release|Any CPU.ActiveCfg = Release|x64
		{2B56456F-6355-4F4E-9952-F3D84C035878}.Release|Any CPU.Build.0 = Release|x64
		{8233EA39-6B3E-41D6-8634-02F0989E7E96}.Debug|Any CPU.ActiveCfg = Debug|x64
		{8233EA39-6B3E-41D6-8634-02F0989E7E96}.Debug|Any CPU.Build.0 = Debug|x64
		{8233EA39-6B3E-41D6-8634-02F0989E7E96}.Release|Any CPU.ActiveCfg = Release|x64
		{8233EA39-6B3E-41D6-8634-02F0989E7E96}.Release|Any CPU.Build.0 = Release|x64
		{B768E223-565A-4293-8EA7-20E4CDE8CC20}.Debug|Any CPU.ActiveCfg = Debug|x64
		{B768E223-565A-4293-8EA7-20E4CDE8CC20}.Debug|Any CPU.Build.0 = Debug|x64
		{B768E223-565A-4293-8EA7-20E4CDE8CC20}.Release|Any CPU.ActiveCfg = Release|x64
		{B768E223-565A-4293-8EA7-20E4CDE8CC20}.Release|Any CPU.Build.0 = Release|x64
		{604677D4-C85D-4B12-916D-932C6F899064}.Debug|Any CPU.ActiveCfg = Debug|x64
		{604677D4-C85D-4B12-916D-932C6F899064}.Debug|Any CPU.Build.0 = Debug|x64
		{604677D4-C85D-4B12-916D-932C6F899064}.Release|Any CPU.ActiveCfg = Release|x64
		{604677D4-C85D-4B12-916D-932C6F899064}.Release|Any CPU.Build.0 = Release|x64
		{6B3B51F8-A54E-49CE-A472-83B7DA4B6050}.Debug|Any CPU.ActiveCfg = Debug|x64
		{6B3B51F8-A54E-49CE-A472-83B7DA4B6050}.Debug|Any CPU.Build.0 = Debug|x64
		{6B3B51F8-A54E-49CE-A472-83B7DA4B6050}.Release|Any CPU.ActiveCfg = Release|x64
		{6B3B51F8-A54E-49CE-A472-83B7DA4B6050}.Release|Any CPU.Build.0 = Release|x64
		{843DA3B2-CD35-476E-AF8C-7D821ACBF6C5}.Debug|Any CPU.ActiveCfg = Debug|x64
		{843DA3B2-CD35-476E-AF8C-7D821ACBF6C5}.Debug|Any CPU.Build.0 = Debug|x64
		{843DA3B2-CD35-476E-AF8C-7D821ACBF6C5}.Release|Any CPU.ActiveCfg = Release|x64
		{843DA3B2-CD35-476E-AF8C-7D821ACBF6C5}.Release|Any CPU.Build.0 = Release|x64
		{F0F4068C-3626-403B-BADF-B2611E577DC1}.Debug|Any CPU.ActiveCfg = Debug|x64
		{F0F4068C-3626-403B-BADF-B2611E577DC1}.Debug|Any CPU.Build.0 = Debug|x64
		{F0F4068C-3626-403B-BADF-B2611E577DC1}.Release|Any CPU.ActiveCfg = Release|x64
		{F0F4068C-3626-403B-BADF-B2611E577DC1}.Release|Any CPU.Build.0 = Release|x64
	EndGlobalSection
	GlobalSection(NestedProjects) = preSolution
		{7FA65D5A-3221-4070-B216-1078DE04E78F} = {A947BEFD-2391-4F78-AD89-5E7E5947095F}
		{BAF3B9AE-EA64-4FCD-AD5D-9F8BFE228516} = {A947BEFD-2391-4F78-AD89-5E7E5947095F}
		{CEF168DA-A3C1-4F35-97A6-3D8FE2924F2E} = {A947BEFD-2391-4F78-AD89-5E7E5947095F}
		{2B56456F-6355-4F4E-9952-F3D84C035878} = {A947BEFD-2391-4F78-AD89-5E7E5947095F}
		{8233EA39-6B3E-41D6-8634-02F0989E7E96} = {A947BEFD-2391-4F78-AD89-5E7E5947095F}
		{B768E223-565A-4293-8EA7-20E4CDE8CC20} = {A947BEFD-2391-4F78-AD89-5E7E5947095F}
		{604677D4-C85D-4B12-916D-932C6F899064} = {A947BEFD-2391-4F78-AD89-5E7E5947095F}
		{6B3B51F8-A54E-49CE-A472-83B7DA4B6050} = {9C4985FC-578E-4289-BE4A-33319B8C69CA}
		{843DA3B2-CD35-476E-AF8C-7D821ACBF6C5} = {A947BEFD-2391-4F78-AD89-5E7E5947095F}
		{F0F4068C-3626-403B-BADF-B2611E577DC1} = {9C4985FC-578E-4289-BE4A-33319B8C69CA}
	EndGlobalSection
EndGlobal
